// !$*UTF8*$!
{
	archiveVersion = 1;
	classes = {
	};
	objectVersion = 52;
	objects = {

/* Begin PBXBuildFile section */
		710544D723AD541A001671E3 /* LineStatusListRow.swift in Sources */ = {isa = PBXBuildFile; fileRef = 710544D623AD541A001671E3 /* LineStatusListRow.swift */; };
		710544D823AD542D001671E3 /* LineStatusListRow.swift in Sources */ = {isa = PBXBuildFile; fileRef = 710544D623AD541A001671E3 /* LineStatusListRow.swift */; };
		710544D923AD5430001671E3 /* LineStatusListRow.swift in Sources */ = {isa = PBXBuildFile; fileRef = 710544D623AD541A001671E3 /* LineStatusListRow.swift */; };
		710544E523AD6800001671E3 /* CloudKit.framework in Frameworks */ = {isa = PBXBuildFile; fileRef = 710544E423AD6800001671E3 /* CloudKit.framework */; };
		711070FA23D60E2D00876F3B /* Assets.xcassets in Resources */ = {isa = PBXBuildFile; fileRef = 711070F623D5FFA000876F3B /* Assets.xcassets */; };
		7110C19E23B299C2000CB1A9 /* SyncModel.swift in Sources */ = {isa = PBXBuildFile; fileRef = 7110C19D23B299C2000CB1A9 /* SyncModel.swift */; };
		7110C19F23B29F15000CB1A9 /* SyncModel.swift in Sources */ = {isa = PBXBuildFile; fileRef = 7110C19D23B299C2000CB1A9 /* SyncModel.swift */; };
		712E161023A94D1000B56242 /* ListStatusDetail.swift in Sources */ = {isa = PBXBuildFile; fileRef = 712E160F23A94D1000B56242 /* ListStatusDetail.swift */; };
		712E161123A94D1000B56242 /* ListStatusDetail.swift in Sources */ = {isa = PBXBuildFile; fileRef = 712E160F23A94D1000B56242 /* ListStatusDetail.swift */; };
		712E161923A9732100B56242 /* AppDelegate.swift in Sources */ = {isa = PBXBuildFile; fileRef = 712E161823A9732100B56242 /* AppDelegate.swift */; };
		712E161B23A9732100B56242 /* ContentView.swift in Sources */ = {isa = PBXBuildFile; fileRef = 712E161A23A9732100B56242 /* ContentView.swift */; };
		712E161D23A9732300B56242 /* Assets.xcassets in Resources */ = {isa = PBXBuildFile; fileRef = 712E161C23A9732300B56242 /* Assets.xcassets */; };
		712E162023A9732300B56242 /* Preview Assets.xcassets in Resources */ = {isa = PBXBuildFile; fileRef = 712E161F23A9732300B56242 /* Preview Assets.xcassets */; };
		712E162323A9732300B56242 /* LaunchScreen.storyboard in Resources */ = {isa = PBXBuildFile; fileRef = 712E162123A9732300B56242 /* LaunchScreen.storyboard */; };
		712E162E23A9732300B56242 /* Underground_tvOSTests.swift in Sources */ = {isa = PBXBuildFile; fileRef = 712E162D23A9732300B56242 /* Underground_tvOSTests.swift */; };
		712E163923A9732300B56242 /* Underground_tvOSUITests.swift in Sources */ = {isa = PBXBuildFile; fileRef = 712E163823A9732300B56242 /* Underground_tvOSUITests.swift */; };
		712E164423A9733E00B56242 /* UndergroundDataFetcher.swift in Sources */ = {isa = PBXBuildFile; fileRef = 718A7A7023A8E935000CF24E /* UndergroundDataFetcher.swift */; };
		712E164523A9733E00B56242 /* TfLLine.swift in Sources */ = {isa = PBXBuildFile; fileRef = 7177628923A8F292004E54B6 /* TfLLine.swift */; };
		712E164623A9733E00B56242 /* LineStatusList.swift in Sources */ = {isa = PBXBuildFile; fileRef = 71ADC6FC23A90E1E0073F9AE /* LineStatusList.swift */; };
		712E164723A9733E00B56242 /* ListStatusDetail.swift in Sources */ = {isa = PBXBuildFile; fileRef = 712E160F23A94D1000B56242 /* ListStatusDetail.swift */; };
		7158321523D648E5002F591D /* UpdatingLiveIndicator.swift in Sources */ = {isa = PBXBuildFile; fileRef = 7158321423D648E5002F591D /* UpdatingLiveIndicator.swift */; };
		7158321623D648F9002F591D /* UpdatingLiveIndicator.swift in Sources */ = {isa = PBXBuildFile; fileRef = 7158321423D648E5002F591D /* UpdatingLiveIndicator.swift */; };
		7177628A23A8F292004E54B6 /* TfLLine.swift in Sources */ = {isa = PBXBuildFile; fileRef = 7177628923A8F292004E54B6 /* TfLLine.swift */; };
		718A7A4023A8E8A8000CF24E /* AppDelegate.swift in Sources */ = {isa = PBXBuildFile; fileRef = 718A7A3F23A8E8A8000CF24E /* AppDelegate.swift */; };
		718A7A4223A8E8A8000CF24E /* SceneDelegate.swift in Sources */ = {isa = PBXBuildFile; fileRef = 718A7A4123A8E8A8000CF24E /* SceneDelegate.swift */; };
		718A7A4423A8E8A8000CF24E /* ContentView.swift in Sources */ = {isa = PBXBuildFile; fileRef = 718A7A4323A8E8A8000CF24E /* ContentView.swift */; };
		718A7A4623A8E8A9000CF24E /* Assets.xcassets in Resources */ = {isa = PBXBuildFile; fileRef = 718A7A4523A8E8A9000CF24E /* Assets.xcassets */; };
		718A7A4923A8E8A9000CF24E /* Preview Assets.xcassets in Resources */ = {isa = PBXBuildFile; fileRef = 718A7A4823A8E8A9000CF24E /* Preview Assets.xcassets */; };
		718A7A4C23A8E8A9000CF24E /* LaunchScreen.storyboard in Resources */ = {isa = PBXBuildFile; fileRef = 718A7A4A23A8E8A9000CF24E /* LaunchScreen.storyboard */; };
		718A7A5723A8E8A9000CF24E /* UndergroundTests.swift in Sources */ = {isa = PBXBuildFile; fileRef = 718A7A5623A8E8A9000CF24E /* UndergroundTests.swift */; };
		718A7A6223A8E8A9000CF24E /* UndergroundUITests.swift in Sources */ = {isa = PBXBuildFile; fileRef = 718A7A6123A8E8A9000CF24E /* UndergroundUITests.swift */; };
		718A7A7123A8E935000CF24E /* UndergroundDataFetcher.swift in Sources */ = {isa = PBXBuildFile; fileRef = 718A7A7023A8E935000CF24E /* UndergroundDataFetcher.swift */; };
		71A830A223AA364C008A100E /* DeviceModel.swift in Sources */ = {isa = PBXBuildFile; fileRef = 71A830A123AA364C008A100E /* DeviceModel.swift */; };
		71ADC6CF23A90C500073F9AE /* Interface.storyboard in Resources */ = {isa = PBXBuildFile; fileRef = 71ADC6CD23A90C500073F9AE /* Interface.storyboard */; };
		71ADC6D123A90C520073F9AE /* Assets.xcassets in Resources */ = {isa = PBXBuildFile; fileRef = 71ADC6D023A90C520073F9AE /* Assets.xcassets */; };
		71ADC6D823A90C520073F9AE /* WatchUnderground Extension.appex in Embed App Extensions */ = {isa = PBXBuildFile; fileRef = 71ADC6D723A90C520073F9AE /* WatchUnderground Extension.appex */; settings = {ATTRIBUTES = (RemoveHeadersOnCopy, ); }; };
		71ADC6DD23A90C520073F9AE /* ContentView.swift in Sources */ = {isa = PBXBuildFile; fileRef = 71ADC6DC23A90C520073F9AE /* ContentView.swift */; };
		71ADC6DF23A90C530073F9AE /* HostingController.swift in Sources */ = {isa = PBXBuildFile; fileRef = 71ADC6DE23A90C520073F9AE /* HostingController.swift */; };
		71ADC6E123A90C530073F9AE /* ExtensionDelegate.swift in Sources */ = {isa = PBXBuildFile; fileRef = 71ADC6E023A90C530073F9AE /* ExtensionDelegate.swift */; };
		71ADC6E323A90C530073F9AE /* NotificationController.swift in Sources */ = {isa = PBXBuildFile; fileRef = 71ADC6E223A90C530073F9AE /* NotificationController.swift */; };
		71ADC6E523A90C530073F9AE /* NotificationView.swift in Sources */ = {isa = PBXBuildFile; fileRef = 71ADC6E423A90C530073F9AE /* NotificationView.swift */; };
		71ADC6EA23A90C540073F9AE /* Preview Assets.xcassets in Resources */ = {isa = PBXBuildFile; fileRef = 71ADC6E923A90C540073F9AE /* Preview Assets.xcassets */; };
		71ADC6EF23A90C540073F9AE /* WatchUnderground.app in Embed Watch Content */ = {isa = PBXBuildFile; fileRef = 71ADC6CB23A90C500073F9AE /* WatchUnderground.app */; platformFilter = ios; settings = {ATTRIBUTES = (RemoveHeadersOnCopy, ); }; };
		71ADC6F923A90D3D0073F9AE /* UndergroundDataFetcher.swift in Sources */ = {isa = PBXBuildFile; fileRef = 718A7A7023A8E935000CF24E /* UndergroundDataFetcher.swift */; };
		71ADC6FA23A90D3D0073F9AE /* TfLLine.swift in Sources */ = {isa = PBXBuildFile; fileRef = 7177628923A8F292004E54B6 /* TfLLine.swift */; };
		71ADC6FD23A90E1E0073F9AE /* LineStatusList.swift in Sources */ = {isa = PBXBuildFile; fileRef = 71ADC6FC23A90E1E0073F9AE /* LineStatusList.swift */; };
		71ADC6FE23A90E4D0073F9AE /* LineStatusList.swift in Sources */ = {isa = PBXBuildFile; fileRef = 71ADC6FC23A90E1E0073F9AE /* LineStatusList.swift */; };
/* End PBXBuildFile section */

/* Begin PBXContainerItemProxy section */
		712E162A23A9732300B56242 /* PBXContainerItemProxy */ = {
			isa = PBXContainerItemProxy;
			containerPortal = 718A7A3423A8E8A8000CF24E /* Project object */;
			proxyType = 1;
			remoteGlobalIDString = 712E161523A9732100B56242;
			remoteInfo = "Underground tvOS";
		};
		712E163523A9732300B56242 /* PBXContainerItemProxy */ = {
			isa = PBXContainerItemProxy;
			containerPortal = 718A7A3423A8E8A8000CF24E /* Project object */;
			proxyType = 1;
			remoteGlobalIDString = 712E161523A9732100B56242;
			remoteInfo = "Underground tvOS";
		};
		718A7A5323A8E8A9000CF24E /* PBXContainerItemProxy */ = {
			isa = PBXContainerItemProxy;
			containerPortal = 718A7A3423A8E8A8000CF24E /* Project object */;
			proxyType = 1;
			remoteGlobalIDString = 718A7A3B23A8E8A8000CF24E;
			remoteInfo = Underground;
		};
		718A7A5E23A8E8A9000CF24E /* PBXContainerItemProxy */ = {
			isa = PBXContainerItemProxy;
			containerPortal = 718A7A3423A8E8A8000CF24E /* Project object */;
			proxyType = 1;
			remoteGlobalIDString = 718A7A3B23A8E8A8000CF24E;
			remoteInfo = Underground;
		};
		71ADC6D923A90C520073F9AE /* PBXContainerItemProxy */ = {
			isa = PBXContainerItemProxy;
			containerPortal = 718A7A3423A8E8A8000CF24E /* Project object */;
			proxyType = 1;
			remoteGlobalIDString = 71ADC6D623A90C520073F9AE;
			remoteInfo = "WatchUnderground Extension";
		};
		71ADC6ED23A90C540073F9AE /* PBXContainerItemProxy */ = {
			isa = PBXContainerItemProxy;
			containerPortal = 718A7A3423A8E8A8000CF24E /* Project object */;
			proxyType = 1;
			remoteGlobalIDString = 71ADC6CA23A90C500073F9AE;
			remoteInfo = WatchUnderground;
		};
/* End PBXContainerItemProxy section */

/* Begin PBXCopyFilesBuildPhase section */
		71ADC6F023A90C540073F9AE /* Embed Watch Content */ = {
			isa = PBXCopyFilesBuildPhase;
			buildActionMask = 2147483647;
			dstPath = "$(CONTENTS_FOLDER_PATH)/Watch";
			dstSubfolderSpec = 16;
			files = (
				71ADC6EF23A90C540073F9AE /* WatchUnderground.app in Embed Watch Content */,
			);
			name = "Embed Watch Content";
			runOnlyForDeploymentPostprocessing = 0;
		};
		71ADC6F323A90C540073F9AE /* Embed App Extensions */ = {
			isa = PBXCopyFilesBuildPhase;
			buildActionMask = 2147483647;
			dstPath = "";
			dstSubfolderSpec = 13;
			files = (
				71ADC6D823A90C520073F9AE /* WatchUnderground Extension.appex in Embed App Extensions */,
			);
			name = "Embed App Extensions";
			runOnlyForDeploymentPostprocessing = 0;
		};
/* End PBXCopyFilesBuildPhase section */

/* Begin PBXFileReference section */
		710544D623AD541A001671E3 /* LineStatusListRow.swift */ = {isa = PBXFileReference; lastKnownFileType = sourcecode.swift; path = LineStatusListRow.swift; sourceTree = "<group>"; };
		710544E423AD6800001671E3 /* CloudKit.framework */ = {isa = PBXFileReference; lastKnownFileType = wrapper.framework; name = CloudKit.framework; path = System/Library/Frameworks/CloudKit.framework; sourceTree = SDKROOT; };
		711070F623D5FFA000876F3B /* Assets.xcassets */ = {isa = PBXFileReference; lastKnownFileType = folder.assetcatalog; path = Assets.xcassets; sourceTree = "<group>"; };
		7110C19D23B299C2000CB1A9 /* SyncModel.swift */ = {isa = PBXFileReference; lastKnownFileType = sourcecode.swift; path = SyncModel.swift; sourceTree = "<group>"; };
		712E160F23A94D1000B56242 /* ListStatusDetail.swift */ = {isa = PBXFileReference; lastKnownFileType = sourcecode.swift; path = ListStatusDetail.swift; sourceTree = "<group>"; };
		712E161623A9732100B56242 /* Underground tvOS.app */ = {isa = PBXFileReference; explicitFileType = wrapper.application; includeInIndex = 0; path = "Underground tvOS.app"; sourceTree = BUILT_PRODUCTS_DIR; };
		712E161823A9732100B56242 /* AppDelegate.swift */ = {isa = PBXFileReference; lastKnownFileType = sourcecode.swift; path = AppDelegate.swift; sourceTree = "<group>"; };
		712E161A23A9732100B56242 /* ContentView.swift */ = {isa = PBXFileReference; lastKnownFileType = sourcecode.swift; path = ContentView.swift; sourceTree = "<group>"; };
		712E161C23A9732300B56242 /* Assets.xcassets */ = {isa = PBXFileReference; lastKnownFileType = folder.assetcatalog; path = Assets.xcassets; sourceTree = "<group>"; };
		712E161F23A9732300B56242 /* Preview Assets.xcassets */ = {isa = PBXFileReference; lastKnownFileType = folder.assetcatalog; path = "Preview Assets.xcassets"; sourceTree = "<group>"; };
		712E162223A9732300B56242 /* Base */ = {isa = PBXFileReference; lastKnownFileType = file.storyboard; name = Base; path = Base.lproj/LaunchScreen.storyboard; sourceTree = "<group>"; };
		712E162423A9732300B56242 /* Info.plist */ = {isa = PBXFileReference; lastKnownFileType = text.plist.xml; path = Info.plist; sourceTree = "<group>"; };
		712E162923A9732300B56242 /* Underground tvOSTests.xctest */ = {isa = PBXFileReference; explicitFileType = wrapper.cfbundle; includeInIndex = 0; path = "Underground tvOSTests.xctest"; sourceTree = BUILT_PRODUCTS_DIR; };
		712E162D23A9732300B56242 /* Underground_tvOSTests.swift */ = {isa = PBXFileReference; lastKnownFileType = sourcecode.swift; path = Underground_tvOSTests.swift; sourceTree = "<group>"; };
		712E162F23A9732300B56242 /* Info.plist */ = {isa = PBXFileReference; lastKnownFileType = text.plist.xml; path = Info.plist; sourceTree = "<group>"; };
		712E163423A9732300B56242 /* Underground tvOSUITests.xctest */ = {isa = PBXFileReference; explicitFileType = wrapper.cfbundle; includeInIndex = 0; path = "Underground tvOSUITests.xctest"; sourceTree = BUILT_PRODUCTS_DIR; };
		712E163823A9732300B56242 /* Underground_tvOSUITests.swift */ = {isa = PBXFileReference; lastKnownFileType = sourcecode.swift; path = Underground_tvOSUITests.swift; sourceTree = "<group>"; };
		712E163A23A9732300B56242 /* Info.plist */ = {isa = PBXFileReference; lastKnownFileType = text.plist.xml; path = Info.plist; sourceTree = "<group>"; };
		712E164E23A9792600B56242 /* AppDelegate.swift */ = {isa = PBXFileReference; lastKnownFileType = sourcecode.swift; path = AppDelegate.swift; sourceTree = "<group>"; };
		712E165023A9792600B56242 /* ContentView.swift */ = {isa = PBXFileReference; lastKnownFileType = sourcecode.swift; path = ContentView.swift; sourceTree = "<group>"; };
		712E165223A9792800B56242 /* Assets.xcassets */ = {isa = PBXFileReference; lastKnownFileType = folder.assetcatalog; path = Assets.xcassets; sourceTree = "<group>"; };
		712E165523A9792800B56242 /* Preview Assets.xcassets */ = {isa = PBXFileReference; lastKnownFileType = folder.assetcatalog; path = "Preview Assets.xcassets"; sourceTree = "<group>"; };
		712E165823A9792800B56242 /* Base */ = {isa = PBXFileReference; lastKnownFileType = file.storyboard; name = Base; path = Base.lproj/LaunchScreen.storyboard; sourceTree = "<group>"; };
		712E165A23A9792800B56242 /* Info.plist */ = {isa = PBXFileReference; lastKnownFileType = text.plist.xml; path = Info.plist; sourceTree = "<group>"; };
		712E166323A9792800B56242 /* Underground_macOSTests.swift */ = {isa = PBXFileReference; lastKnownFileType = sourcecode.swift; path = Underground_macOSTests.swift; sourceTree = "<group>"; };
		712E166523A9792800B56242 /* Info.plist */ = {isa = PBXFileReference; lastKnownFileType = text.plist.xml; path = Info.plist; sourceTree = "<group>"; };
		712E166E23A9792900B56242 /* Underground_macOSUITests.swift */ = {isa = PBXFileReference; lastKnownFileType = sourcecode.swift; path = Underground_macOSUITests.swift; sourceTree = "<group>"; };
		712E167023A9792900B56242 /* Info.plist */ = {isa = PBXFileReference; lastKnownFileType = text.plist.xml; path = Info.plist; sourceTree = "<group>"; };
		7158321423D648E5002F591D /* UpdatingLiveIndicator.swift */ = {isa = PBXFileReference; lastKnownFileType = sourcecode.swift; path = UpdatingLiveIndicator.swift; sourceTree = "<group>"; };
		7177628923A8F292004E54B6 /* TfLLine.swift */ = {isa = PBXFileReference; lastKnownFileType = sourcecode.swift; path = TfLLine.swift; sourceTree = "<group>"; };
		718A7A3C23A8E8A8000CF24E /* Underground.app */ = {isa = PBXFileReference; explicitFileType = wrapper.application; includeInIndex = 0; path = Underground.app; sourceTree = BUILT_PRODUCTS_DIR; };
		718A7A3F23A8E8A8000CF24E /* AppDelegate.swift */ = {isa = PBXFileReference; lastKnownFileType = sourcecode.swift; path = AppDelegate.swift; sourceTree = "<group>"; };
		718A7A4123A8E8A8000CF24E /* SceneDelegate.swift */ = {isa = PBXFileReference; lastKnownFileType = sourcecode.swift; path = SceneDelegate.swift; sourceTree = "<group>"; };
		718A7A4323A8E8A8000CF24E /* ContentView.swift */ = {isa = PBXFileReference; lastKnownFileType = sourcecode.swift; path = ContentView.swift; sourceTree = "<group>"; };
		718A7A4523A8E8A9000CF24E /* Assets.xcassets */ = {isa = PBXFileReference; lastKnownFileType = folder.assetcatalog; path = Assets.xcassets; sourceTree = "<group>"; };
		718A7A4823A8E8A9000CF24E /* Preview Assets.xcassets */ = {isa = PBXFileReference; lastKnownFileType = folder.assetcatalog; path = "Preview Assets.xcassets"; sourceTree = "<group>"; };
		718A7A4B23A8E8A9000CF24E /* Base */ = {isa = PBXFileReference; lastKnownFileType = file.storyboard; name = Base; path = Base.lproj/LaunchScreen.storyboard; sourceTree = "<group>"; };
		718A7A4D23A8E8A9000CF24E /* Info.plist */ = {isa = PBXFileReference; lastKnownFileType = text.plist.xml; path = Info.plist; sourceTree = "<group>"; };
		718A7A5223A8E8A9000CF24E /* UndergroundTests.xctest */ = {isa = PBXFileReference; explicitFileType = wrapper.cfbundle; includeInIndex = 0; path = UndergroundTests.xctest; sourceTree = BUILT_PRODUCTS_DIR; };
		718A7A5623A8E8A9000CF24E /* UndergroundTests.swift */ = {isa = PBXFileReference; lastKnownFileType = sourcecode.swift; path = UndergroundTests.swift; sourceTree = "<group>"; };
		718A7A5823A8E8A9000CF24E /* Info.plist */ = {isa = PBXFileReference; lastKnownFileType = text.plist.xml; path = Info.plist; sourceTree = "<group>"; };
		718A7A5D23A8E8A9000CF24E /* UndergroundUITests.xctest */ = {isa = PBXFileReference; explicitFileType = wrapper.cfbundle; includeInIndex = 0; path = UndergroundUITests.xctest; sourceTree = BUILT_PRODUCTS_DIR; };
		718A7A6123A8E8A9000CF24E /* UndergroundUITests.swift */ = {isa = PBXFileReference; lastKnownFileType = sourcecode.swift; path = UndergroundUITests.swift; sourceTree = "<group>"; };
		718A7A6323A8E8A9000CF24E /* Info.plist */ = {isa = PBXFileReference; lastKnownFileType = text.plist.xml; path = Info.plist; sourceTree = "<group>"; };
		718A7A7023A8E935000CF24E /* UndergroundDataFetcher.swift */ = {isa = PBXFileReference; lastKnownFileType = sourcecode.swift; path = UndergroundDataFetcher.swift; sourceTree = "<group>"; };
		71A8307023A97AE9008A100E /* AppDelegate.swift */ = {isa = PBXFileReference; lastKnownFileType = sourcecode.swift; path = AppDelegate.swift; sourceTree = "<group>"; };
		71A8307223A97AE9008A100E /* ContentView.swift */ = {isa = PBXFileReference; lastKnownFileType = sourcecode.swift; path = ContentView.swift; sourceTree = "<group>"; };
		71A8307423A97AEA008A100E /* Assets.xcassets */ = {isa = PBXFileReference; lastKnownFileType = folder.assetcatalog; path = Assets.xcassets; sourceTree = "<group>"; };
		71A8307723A97AEA008A100E /* Preview Assets.xcassets */ = {isa = PBXFileReference; lastKnownFileType = folder.assetcatalog; path = "Preview Assets.xcassets"; sourceTree = "<group>"; };
		71A8307A23A97AEA008A100E /* Base */ = {isa = PBXFileReference; lastKnownFileType = file.storyboard; name = Base; path = Base.lproj/Main.storyboard; sourceTree = "<group>"; };
		71A8307C23A97AEA008A100E /* Info.plist */ = {isa = PBXFileReference; lastKnownFileType = text.plist.xml; path = Info.plist; sourceTree = "<group>"; };
		71A8307D23A97AEA008A100E /* Underground_macOS.entitlements */ = {isa = PBXFileReference; lastKnownFileType = text.plist.entitlements; path = Underground_macOS.entitlements; sourceTree = "<group>"; };
		71A8308623A97AEB008A100E /* Underground_macOSTests.swift */ = {isa = PBXFileReference; lastKnownFileType = sourcecode.swift; path = Underground_macOSTests.swift; sourceTree = "<group>"; };
		71A8308823A97AEB008A100E /* Info.plist */ = {isa = PBXFileReference; lastKnownFileType = text.plist.xml; path = Info.plist; sourceTree = "<group>"; };
		71A8309123A97AEB008A100E /* Underground_macOSUITests.swift */ = {isa = PBXFileReference; lastKnownFileType = sourcecode.swift; path = Underground_macOSUITests.swift; sourceTree = "<group>"; };
		71A8309323A97AEB008A100E /* Info.plist */ = {isa = PBXFileReference; lastKnownFileType = text.plist.xml; path = Info.plist; sourceTree = "<group>"; };
		71A830A123AA364C008A100E /* DeviceModel.swift */ = {isa = PBXFileReference; lastKnownFileType = sourcecode.swift; path = DeviceModel.swift; sourceTree = "<group>"; };
		71ADC6CB23A90C500073F9AE /* WatchUnderground.app */ = {isa = PBXFileReference; explicitFileType = wrapper.application; includeInIndex = 0; path = WatchUnderground.app; sourceTree = BUILT_PRODUCTS_DIR; };
		71ADC6CE23A90C500073F9AE /* Base */ = {isa = PBXFileReference; lastKnownFileType = file.storyboard; name = Base; path = Base.lproj/Interface.storyboard; sourceTree = "<group>"; };
		71ADC6D023A90C520073F9AE /* Assets.xcassets */ = {isa = PBXFileReference; lastKnownFileType = folder.assetcatalog; path = Assets.xcassets; sourceTree = "<group>"; };
		71ADC6D223A90C520073F9AE /* Info.plist */ = {isa = PBXFileReference; lastKnownFileType = text.plist.xml; path = Info.plist; sourceTree = "<group>"; };
		71ADC6D723A90C520073F9AE /* WatchUnderground Extension.appex */ = {isa = PBXFileReference; explicitFileType = "wrapper.app-extension"; includeInIndex = 0; path = "WatchUnderground Extension.appex"; sourceTree = BUILT_PRODUCTS_DIR; };
		71ADC6DC23A90C520073F9AE /* ContentView.swift */ = {isa = PBXFileReference; lastKnownFileType = sourcecode.swift; path = ContentView.swift; sourceTree = "<group>"; };
		71ADC6DE23A90C520073F9AE /* HostingController.swift */ = {isa = PBXFileReference; lastKnownFileType = sourcecode.swift; path = HostingController.swift; sourceTree = "<group>"; };
		71ADC6E023A90C530073F9AE /* ExtensionDelegate.swift */ = {isa = PBXFileReference; lastKnownFileType = sourcecode.swift; path = ExtensionDelegate.swift; sourceTree = "<group>"; };
		71ADC6E223A90C530073F9AE /* NotificationController.swift */ = {isa = PBXFileReference; lastKnownFileType = sourcecode.swift; path = NotificationController.swift; sourceTree = "<group>"; };
		71ADC6E423A90C530073F9AE /* NotificationView.swift */ = {isa = PBXFileReference; lastKnownFileType = sourcecode.swift; path = NotificationView.swift; sourceTree = "<group>"; };
		71ADC6E923A90C540073F9AE /* Preview Assets.xcassets */ = {isa = PBXFileReference; lastKnownFileType = folder.assetcatalog; path = "Preview Assets.xcassets"; sourceTree = "<group>"; };
		71ADC6EB23A90C540073F9AE /* Info.plist */ = {isa = PBXFileReference; lastKnownFileType = text.plist.xml; path = Info.plist; sourceTree = "<group>"; };
		71ADC6EC23A90C540073F9AE /* PushNotificationPayload.apns */ = {isa = PBXFileReference; lastKnownFileType = text; path = PushNotificationPayload.apns; sourceTree = "<group>"; };
		71ADC6F823A90C990073F9AE /* Underground.entitlements */ = {isa = PBXFileReference; lastKnownFileType = text.plist.entitlements; path = Underground.entitlements; sourceTree = "<group>"; };
		71ADC6FC23A90E1E0073F9AE /* LineStatusList.swift */ = {isa = PBXFileReference; indentWidth = 2; lastKnownFileType = sourcecode.swift; path = LineStatusList.swift; sourceTree = "<group>"; tabWidth = 2; };
/* End PBXFileReference section */

/* Begin PBXFrameworksBuildPhase section */
		712E161323A9732100B56242 /* Frameworks */ = {
			isa = PBXFrameworksBuildPhase;
			buildActionMask = 2147483647;
			files = (
			);
			runOnlyForDeploymentPostprocessing = 0;
		};
		712E162623A9732300B56242 /* Frameworks */ = {
			isa = PBXFrameworksBuildPhase;
			buildActionMask = 2147483647;
			files = (
			);
			runOnlyForDeploymentPostprocessing = 0;
		};
		712E163123A9732300B56242 /* Frameworks */ = {
			isa = PBXFrameworksBuildPhase;
			buildActionMask = 2147483647;
			files = (
			);
			runOnlyForDeploymentPostprocessing = 0;
		};
		718A7A3923A8E8A8000CF24E /* Frameworks */ = {
			isa = PBXFrameworksBuildPhase;
			buildActionMask = 2147483647;
			files = (
				710544E523AD6800001671E3 /* CloudKit.framework in Frameworks */,
			);
			runOnlyForDeploymentPostprocessing = 0;
		};
		718A7A4F23A8E8A9000CF24E /* Frameworks */ = {
			isa = PBXFrameworksBuildPhase;
			buildActionMask = 2147483647;
			files = (
			);
			runOnlyForDeploymentPostprocessing = 0;
		};
		718A7A5A23A8E8A9000CF24E /* Frameworks */ = {
			isa = PBXFrameworksBuildPhase;
			buildActionMask = 2147483647;
			files = (
			);
			runOnlyForDeploymentPostprocessing = 0;
		};
		71ADC6D423A90C520073F9AE /* Frameworks */ = {
			isa = PBXFrameworksBuildPhase;
			buildActionMask = 2147483647;
			files = (
			);
			runOnlyForDeploymentPostprocessing = 0;
		};
/* End PBXFrameworksBuildPhase section */

/* Begin PBXGroup section */
		710544E323AD6800001671E3 /* Frameworks */ = {
			isa = PBXGroup;
			children = (
				710544E423AD6800001671E3 /* CloudKit.framework */,
			);
			name = Frameworks;
			sourceTree = "<group>";
		};
		712E161723A9732100B56242 /* Underground tvOS */ = {
			isa = PBXGroup;
			children = (
				712E161823A9732100B56242 /* AppDelegate.swift */,
				712E161A23A9732100B56242 /* ContentView.swift */,
				712E161C23A9732300B56242 /* Assets.xcassets */,
				712E162123A9732300B56242 /* LaunchScreen.storyboard */,
				712E162423A9732300B56242 /* Info.plist */,
				712E161E23A9732300B56242 /* Preview Content */,
			);
			path = "Underground tvOS";
			sourceTree = "<group>";
		};
		712E161E23A9732300B56242 /* Preview Content */ = {
			isa = PBXGroup;
			children = (
				712E161F23A9732300B56242 /* Preview Assets.xcassets */,
			);
			path = "Preview Content";
			sourceTree = "<group>";
		};
		712E162C23A9732300B56242 /* Underground tvOSTests */ = {
			isa = PBXGroup;
			children = (
				712E162D23A9732300B56242 /* Underground_tvOSTests.swift */,
				712E162F23A9732300B56242 /* Info.plist */,
			);
			path = "Underground tvOSTests";
			sourceTree = "<group>";
		};
		712E163723A9732300B56242 /* Underground tvOSUITests */ = {
			isa = PBXGroup;
			children = (
				712E163823A9732300B56242 /* Underground_tvOSUITests.swift */,
				712E163A23A9732300B56242 /* Info.plist */,
			);
			path = "Underground tvOSUITests";
			sourceTree = "<group>";
		};
		712E164D23A9792600B56242 /* Underground macOS */ = {
			isa = PBXGroup;
			children = (
				712E164E23A9792600B56242 /* AppDelegate.swift */,
				712E165023A9792600B56242 /* ContentView.swift */,
				712E165223A9792800B56242 /* Assets.xcassets */,
				712E165723A9792800B56242 /* LaunchScreen.storyboard */,
				712E165A23A9792800B56242 /* Info.plist */,
				712E165423A9792800B56242 /* Preview Content */,
			);
			path = "Underground macOS";
			sourceTree = "<group>";
		};
		712E165423A9792800B56242 /* Preview Content */ = {
			isa = PBXGroup;
			children = (
				712E165523A9792800B56242 /* Preview Assets.xcassets */,
			);
			path = "Preview Content";
			sourceTree = "<group>";
		};
		712E166223A9792800B56242 /* Underground macOSTests */ = {
			isa = PBXGroup;
			children = (
				712E166323A9792800B56242 /* Underground_macOSTests.swift */,
				712E166523A9792800B56242 /* Info.plist */,
			);
			path = "Underground macOSTests";
			sourceTree = "<group>";
		};
		712E166D23A9792900B56242 /* Underground macOSUITests */ = {
			isa = PBXGroup;
			children = (
				712E166E23A9792900B56242 /* Underground_macOSUITests.swift */,
				712E167023A9792900B56242 /* Info.plist */,
			);
			path = "Underground macOSUITests";
			sourceTree = "<group>";
		};
		718A7A3323A8E8A8000CF24E = {
			isa = PBXGroup;
			children = (
				718A7A3E23A8E8A8000CF24E /* Underground */,
				718A7A5523A8E8A9000CF24E /* UndergroundTests */,
				718A7A6023A8E8A9000CF24E /* UndergroundUITests */,
				71ADC6CC23A90C500073F9AE /* WatchUnderground */,
				71ADC6DB23A90C520073F9AE /* WatchUnderground Extension */,
				712E161723A9732100B56242 /* Underground tvOS */,
				712E162C23A9732300B56242 /* Underground tvOSTests */,
				712E163723A9732300B56242 /* Underground tvOSUITests */,
				712E164D23A9792600B56242 /* Underground macOS */,
				712E166223A9792800B56242 /* Underground macOSTests */,
				712E166D23A9792900B56242 /* Underground macOSUITests */,
				71A8306F23A97AE9008A100E /* Underground macOS */,
				71A8308523A97AEB008A100E /* Underground macOSTests */,
				71A8309023A97AEB008A100E /* Underground macOSUITests */,
				718A7A3D23A8E8A8000CF24E /* Products */,
				710544E323AD6800001671E3 /* Frameworks */,
			);
			sourceTree = "<group>";
		};
		718A7A3D23A8E8A8000CF24E /* Products */ = {
			isa = PBXGroup;
			children = (
				718A7A3C23A8E8A8000CF24E /* Underground.app */,
				718A7A5223A8E8A9000CF24E /* UndergroundTests.xctest */,
				718A7A5D23A8E8A9000CF24E /* UndergroundUITests.xctest */,
				71ADC6CB23A90C500073F9AE /* WatchUnderground.app */,
				71ADC6D723A90C520073F9AE /* WatchUnderground Extension.appex */,
				712E161623A9732100B56242 /* Underground tvOS.app */,
				712E162923A9732300B56242 /* Underground tvOSTests.xctest */,
				712E163423A9732300B56242 /* Underground tvOSUITests.xctest */,
			);
			name = Products;
			sourceTree = "<group>";
		};
		718A7A3E23A8E8A8000CF24E /* Underground */ = {
			isa = PBXGroup;
			children = (
				71ADC6F823A90C990073F9AE /* Underground.entitlements */,
				718A7A6F23A8E922000CF24E /* Models */,
				718A7A3F23A8E8A8000CF24E /* AppDelegate.swift */,
				718A7A4123A8E8A8000CF24E /* SceneDelegate.swift */,
				718A7A4323A8E8A8000CF24E /* ContentView.swift */,
				71ADC6FC23A90E1E0073F9AE /* LineStatusList.swift */,
				7158321423D648E5002F591D /* UpdatingLiveIndicator.swift */,
				710544D623AD541A001671E3 /* LineStatusListRow.swift */,
				712E160F23A94D1000B56242 /* ListStatusDetail.swift */,
				718A7A4523A8E8A9000CF24E /* Assets.xcassets */,
				718A7A4A23A8E8A9000CF24E /* LaunchScreen.storyboard */,
				718A7A4D23A8E8A9000CF24E /* Info.plist */,
				718A7A4723A8E8A9000CF24E /* Preview Content */,
			);
			path = Underground;
			sourceTree = "<group>";
		};
		718A7A4723A8E8A9000CF24E /* Preview Content */ = {
			isa = PBXGroup;
			children = (
				718A7A4823A8E8A9000CF24E /* Preview Assets.xcassets */,
			);
			path = "Preview Content";
			sourceTree = "<group>";
		};
		718A7A5523A8E8A9000CF24E /* UndergroundTests */ = {
			isa = PBXGroup;
			children = (
				718A7A5623A8E8A9000CF24E /* UndergroundTests.swift */,
				718A7A5823A8E8A9000CF24E /* Info.plist */,
			);
			path = UndergroundTests;
			sourceTree = "<group>";
		};
		718A7A6023A8E8A9000CF24E /* UndergroundUITests */ = {
			isa = PBXGroup;
			children = (
				718A7A6123A8E8A9000CF24E /* UndergroundUITests.swift */,
				718A7A6323A8E8A9000CF24E /* Info.plist */,
			);
			path = UndergroundUITests;
			sourceTree = "<group>";
		};
		718A7A6F23A8E922000CF24E /* Models */ = {
			isa = PBXGroup;
			children = (
				718A7A7023A8E935000CF24E /* UndergroundDataFetcher.swift */,
				7177628923A8F292004E54B6 /* TfLLine.swift */,
				71A830A123AA364C008A100E /* DeviceModel.swift */,
				7110C19D23B299C2000CB1A9 /* SyncModel.swift */,
			);
			path = Models;
			sourceTree = "<group>";
		};
		71A8306F23A97AE9008A100E /* Underground macOS */ = {
			isa = PBXGroup;
			children = (
				71A8307023A97AE9008A100E /* AppDelegate.swift */,
				71A8307223A97AE9008A100E /* ContentView.swift */,
				71A8307423A97AEA008A100E /* Assets.xcassets */,
				71A8307923A97AEA008A100E /* Main.storyboard */,
				71A8307C23A97AEA008A100E /* Info.plist */,
				71A8307D23A97AEA008A100E /* Underground_macOS.entitlements */,
				71A8307623A97AEA008A100E /* Preview Content */,
			);
			path = "Underground macOS";
			sourceTree = "<group>";
		};
		71A8307623A97AEA008A100E /* Preview Content */ = {
			isa = PBXGroup;
			children = (
				71A8307723A97AEA008A100E /* Preview Assets.xcassets */,
			);
			path = "Preview Content";
			sourceTree = "<group>";
		};
		71A8308523A97AEB008A100E /* Underground macOSTests */ = {
			isa = PBXGroup;
			children = (
				71A8308623A97AEB008A100E /* Underground_macOSTests.swift */,
				71A8308823A97AEB008A100E /* Info.plist */,
			);
			path = "Underground macOSTests";
			sourceTree = "<group>";
		};
		71A8309023A97AEB008A100E /* Underground macOSUITests */ = {
			isa = PBXGroup;
			children = (
				71A8309123A97AEB008A100E /* Underground_macOSUITests.swift */,
				71A8309323A97AEB008A100E /* Info.plist */,
			);
			path = "Underground macOSUITests";
			sourceTree = "<group>";
		};
		71ADC6CC23A90C500073F9AE /* WatchUnderground */ = {
			isa = PBXGroup;
			children = (
				71ADC6CD23A90C500073F9AE /* Interface.storyboard */,
				71ADC6D023A90C520073F9AE /* Assets.xcassets */,
				71ADC6D223A90C520073F9AE /* Info.plist */,
			);
			path = WatchUnderground;
			sourceTree = "<group>";
		};
		71ADC6DB23A90C520073F9AE /* WatchUnderground Extension */ = {
			isa = PBXGroup;
			children = (
				711070F623D5FFA000876F3B /* Assets.xcassets */,
				71ADC6DC23A90C520073F9AE /* ContentView.swift */,
				71ADC6DE23A90C520073F9AE /* HostingController.swift */,
				71ADC6E023A90C530073F9AE /* ExtensionDelegate.swift */,
				71ADC6E223A90C530073F9AE /* NotificationController.swift */,
				71ADC6E423A90C530073F9AE /* NotificationView.swift */,
				71ADC6EB23A90C540073F9AE /* Info.plist */,
				71ADC6EC23A90C540073F9AE /* PushNotificationPayload.apns */,
				71ADC6E823A90C540073F9AE /* Preview Content */,
			);
			path = "WatchUnderground Extension";
			sourceTree = "<group>";
		};
		71ADC6E823A90C540073F9AE /* Preview Content */ = {
			isa = PBXGroup;
			children = (
				71ADC6E923A90C540073F9AE /* Preview Assets.xcassets */,
			);
			path = "Preview Content";
			sourceTree = "<group>";
		};
/* End PBXGroup section */

/* Begin PBXNativeTarget section */
		712E161523A9732100B56242 /* Underground tvOS */ = {
			isa = PBXNativeTarget;
			buildConfigurationList = 712E163B23A9732300B56242 /* Build configuration list for PBXNativeTarget "Underground tvOS" */;
			buildPhases = (
				712E161223A9732100B56242 /* Sources */,
				712E161323A9732100B56242 /* Frameworks */,
				712E161423A9732100B56242 /* Resources */,
			);
			buildRules = (
			);
			dependencies = (
			);
			name = "Underground tvOS";
			productName = "Underground tvOS";
			productReference = 712E161623A9732100B56242 /* Underground tvOS.app */;
			productType = "com.apple.product-type.application";
		};
		712E162823A9732300B56242 /* Underground tvOSTests */ = {
			isa = PBXNativeTarget;
			buildConfigurationList = 712E163E23A9732300B56242 /* Build configuration list for PBXNativeTarget "Underground tvOSTests" */;
			buildPhases = (
				712E162523A9732300B56242 /* Sources */,
				712E162623A9732300B56242 /* Frameworks */,
				712E162723A9732300B56242 /* Resources */,
			);
			buildRules = (
			);
			dependencies = (
				712E162B23A9732300B56242 /* PBXTargetDependency */,
			);
			name = "Underground tvOSTests";
			productName = "Underground tvOSTests";
			productReference = 712E162923A9732300B56242 /* Underground tvOSTests.xctest */;
			productType = "com.apple.product-type.bundle.unit-test";
		};
		712E163323A9732300B56242 /* Underground tvOSUITests */ = {
			isa = PBXNativeTarget;
			buildConfigurationList = 712E164123A9732300B56242 /* Build configuration list for PBXNativeTarget "Underground tvOSUITests" */;
			buildPhases = (
				712E163023A9732300B56242 /* Sources */,
				712E163123A9732300B56242 /* Frameworks */,
				712E163223A9732300B56242 /* Resources */,
			);
			buildRules = (
			);
			dependencies = (
				712E163623A9732300B56242 /* PBXTargetDependency */,
			);
			name = "Underground tvOSUITests";
			productName = "Underground tvOSUITests";
			productReference = 712E163423A9732300B56242 /* Underground tvOSUITests.xctest */;
			productType = "com.apple.product-type.bundle.ui-testing";
		};
		718A7A3B23A8E8A8000CF24E /* Underground */ = {
			isa = PBXNativeTarget;
			buildConfigurationList = 718A7A6623A8E8A9000CF24E /* Build configuration list for PBXNativeTarget "Underground" */;
			buildPhases = (
				718A7A3823A8E8A8000CF24E /* Sources */,
				718A7A3923A8E8A8000CF24E /* Frameworks */,
				718A7A3A23A8E8A8000CF24E /* Resources */,
				71ADC6F023A90C540073F9AE /* Embed Watch Content */,
			);
			buildRules = (
			);
			dependencies = (
				71ADC6EE23A90C540073F9AE /* PBXTargetDependency */,
			);
			name = Underground;
			productName = Underground;
			productReference = 718A7A3C23A8E8A8000CF24E /* Underground.app */;
			productType = "com.apple.product-type.application";
		};
		718A7A5123A8E8A9000CF24E /* UndergroundTests */ = {
			isa = PBXNativeTarget;
			buildConfigurationList = 718A7A6923A8E8A9000CF24E /* Build configuration list for PBXNativeTarget "UndergroundTests" */;
			buildPhases = (
				718A7A4E23A8E8A9000CF24E /* Sources */,
				718A7A4F23A8E8A9000CF24E /* Frameworks */,
				718A7A5023A8E8A9000CF24E /* Resources */,
			);
			buildRules = (
			);
			dependencies = (
				718A7A5423A8E8A9000CF24E /* PBXTargetDependency */,
			);
			name = UndergroundTests;
			productName = UndergroundTests;
			productReference = 718A7A5223A8E8A9000CF24E /* UndergroundTests.xctest */;
			productType = "com.apple.product-type.bundle.unit-test";
		};
		718A7A5C23A8E8A9000CF24E /* UndergroundUITests */ = {
			isa = PBXNativeTarget;
			buildConfigurationList = 718A7A6C23A8E8A9000CF24E /* Build configuration list for PBXNativeTarget "UndergroundUITests" */;
			buildPhases = (
				718A7A5923A8E8A9000CF24E /* Sources */,
				718A7A5A23A8E8A9000CF24E /* Frameworks */,
				718A7A5B23A8E8A9000CF24E /* Resources */,
			);
			buildRules = (
			);
			dependencies = (
				718A7A5F23A8E8A9000CF24E /* PBXTargetDependency */,
			);
			name = UndergroundUITests;
			productName = UndergroundUITests;
			productReference = 718A7A5D23A8E8A9000CF24E /* UndergroundUITests.xctest */;
			productType = "com.apple.product-type.bundle.ui-testing";
		};
		71ADC6CA23A90C500073F9AE /* WatchUnderground */ = {
			isa = PBXNativeTarget;
			buildConfigurationList = 71ADC6F723A90C540073F9AE /* Build configuration list for PBXNativeTarget "WatchUnderground" */;
			buildPhases = (
				71ADC6C923A90C500073F9AE /* Resources */,
				71ADC6F323A90C540073F9AE /* Embed App Extensions */,
			);
			buildRules = (
			);
			dependencies = (
				71ADC6DA23A90C520073F9AE /* PBXTargetDependency */,
			);
			name = WatchUnderground;
			productName = WatchUnderground;
			productReference = 71ADC6CB23A90C500073F9AE /* WatchUnderground.app */;
			productType = "com.apple.product-type.application.watchapp2";
		};
		71ADC6D623A90C520073F9AE /* WatchUnderground Extension */ = {
			isa = PBXNativeTarget;
			buildConfigurationList = 71ADC6F623A90C540073F9AE /* Build configuration list for PBXNativeTarget "WatchUnderground Extension" */;
			buildPhases = (
				71ADC6D323A90C520073F9AE /* Sources */,
				71ADC6D423A90C520073F9AE /* Frameworks */,
				71ADC6D523A90C520073F9AE /* Resources */,
			);
			buildRules = (
			);
			dependencies = (
			);
			name = "WatchUnderground Extension";
			productName = "WatchUnderground Extension";
			productReference = 71ADC6D723A90C520073F9AE /* WatchUnderground Extension.appex */;
			productType = "com.apple.product-type.watchkit2-extension";
		};
/* End PBXNativeTarget section */

/* Begin PBXProject section */
		718A7A3423A8E8A8000CF24E /* Project object */ = {
			isa = PBXProject;
			attributes = {
				LastSwiftUpdateCheck = 1130;
				LastUpgradeCheck = 1130;
				ORGANIZATIONNAME = "Daniel Eden";
				TargetAttributes = {
					712E161523A9732100B56242 = {
						CreatedOnToolsVersion = 11.3;
						LastSwiftMigration = 1130;
					};
					712E162823A9732300B56242 = {
						CreatedOnToolsVersion = 11.3;
						TestTargetID = 712E161523A9732100B56242;
					};
					712E163323A9732300B56242 = {
						CreatedOnToolsVersion = 11.3;
						TestTargetID = 712E161523A9732100B56242;
					};
					718A7A3B23A8E8A8000CF24E = {
						CreatedOnToolsVersion = 11.3;
						LastSwiftMigration = 1130;
					};
					718A7A5123A8E8A9000CF24E = {
						CreatedOnToolsVersion = 11.3;
						TestTargetID = 718A7A3B23A8E8A8000CF24E;
					};
					718A7A5C23A8E8A9000CF24E = {
						CreatedOnToolsVersion = 11.3;
						TestTargetID = 718A7A3B23A8E8A8000CF24E;
					};
					71ADC6CA23A90C500073F9AE = {
						CreatedOnToolsVersion = 11.3;
					};
					71ADC6D623A90C520073F9AE = {
						CreatedOnToolsVersion = 11.3;
						LastSwiftMigration = 1130;
					};
				};
			};
			buildConfigurationList = 718A7A3723A8E8A8000CF24E /* Build configuration list for PBXProject "Underground" */;
			compatibilityVersion = "Xcode 9.3";
			developmentRegion = en;
			hasScannedForEncodings = 0;
			knownRegions = (
				en,
				Base,
			);
			mainGroup = 718A7A3323A8E8A8000CF24E;
			productRefGroup = 718A7A3D23A8E8A8000CF24E /* Products */;
			projectDirPath = "";
			projectRoot = "";
			targets = (
				718A7A3B23A8E8A8000CF24E /* Underground */,
				718A7A5123A8E8A9000CF24E /* UndergroundTests */,
				718A7A5C23A8E8A9000CF24E /* UndergroundUITests */,
				71ADC6CA23A90C500073F9AE /* WatchUnderground */,
				71ADC6D623A90C520073F9AE /* WatchUnderground Extension */,
				712E161523A9732100B56242 /* Underground tvOS */,
				712E162823A9732300B56242 /* Underground tvOSTests */,
				712E163323A9732300B56242 /* Underground tvOSUITests */,
			);
		};
/* End PBXProject section */

/* Begin PBXResourcesBuildPhase section */
		712E161423A9732100B56242 /* Resources */ = {
			isa = PBXResourcesBuildPhase;
			buildActionMask = 2147483647;
			files = (
				712E162323A9732300B56242 /* LaunchScreen.storyboard in Resources */,
				712E162023A9732300B56242 /* Preview Assets.xcassets in Resources */,
				712E161D23A9732300B56242 /* Assets.xcassets in Resources */,
			);
			runOnlyForDeploymentPostprocessing = 0;
		};
		712E162723A9732300B56242 /* Resources */ = {
			isa = PBXResourcesBuildPhase;
			buildActionMask = 2147483647;
			files = (
			);
			runOnlyForDeploymentPostprocessing = 0;
		};
		712E163223A9732300B56242 /* Resources */ = {
			isa = PBXResourcesBuildPhase;
			buildActionMask = 2147483647;
			files = (
			);
			runOnlyForDeploymentPostprocessing = 0;
		};
		718A7A3A23A8E8A8000CF24E /* Resources */ = {
			isa = PBXResourcesBuildPhase;
			buildActionMask = 2147483647;
			files = (
				718A7A4C23A8E8A9000CF24E /* LaunchScreen.storyboard in Resources */,
				718A7A4923A8E8A9000CF24E /* Preview Assets.xcassets in Resources */,
				718A7A4623A8E8A9000CF24E /* Assets.xcassets in Resources */,
			);
			runOnlyForDeploymentPostprocessing = 0;
		};
		718A7A5023A8E8A9000CF24E /* Resources */ = {
			isa = PBXResourcesBuildPhase;
			buildActionMask = 2147483647;
			files = (
			);
			runOnlyForDeploymentPostprocessing = 0;
		};
		718A7A5B23A8E8A9000CF24E /* Resources */ = {
			isa = PBXResourcesBuildPhase;
			buildActionMask = 2147483647;
			files = (
			);
			runOnlyForDeploymentPostprocessing = 0;
		};
		71ADC6C923A90C500073F9AE /* Resources */ = {
			isa = PBXResourcesBuildPhase;
			buildActionMask = 2147483647;
			files = (
				71ADC6D123A90C520073F9AE /* Assets.xcassets in Resources */,
				71ADC6CF23A90C500073F9AE /* Interface.storyboard in Resources */,
			);
			runOnlyForDeploymentPostprocessing = 0;
		};
		71ADC6D523A90C520073F9AE /* Resources */ = {
			isa = PBXResourcesBuildPhase;
			buildActionMask = 2147483647;
			files = (
				711070FA23D60E2D00876F3B /* Assets.xcassets in Resources */,
				71ADC6EA23A90C540073F9AE /* Preview Assets.xcassets in Resources */,
			);
			runOnlyForDeploymentPostprocessing = 0;
		};
/* End PBXResourcesBuildPhase section */

/* Begin PBXSourcesBuildPhase section */
		712E161223A9732100B56242 /* Sources */ = {
			isa = PBXSourcesBuildPhase;
			buildActionMask = 2147483647;
			files = (
				712E164423A9733E00B56242 /* UndergroundDataFetcher.swift in Sources */,
				712E161B23A9732100B56242 /* ContentView.swift in Sources */,
				712E164723A9733E00B56242 /* ListStatusDetail.swift in Sources */,
				712E164523A9733E00B56242 /* TfLLine.swift in Sources */,
				712E164623A9733E00B56242 /* LineStatusList.swift in Sources */,
				712E161923A9732100B56242 /* AppDelegate.swift in Sources */,
				710544D923AD5430001671E3 /* LineStatusListRow.swift in Sources */,
			);
			runOnlyForDeploymentPostprocessing = 0;
		};
		712E162523A9732300B56242 /* Sources */ = {
			isa = PBXSourcesBuildPhase;
			buildActionMask = 2147483647;
			files = (
				712E162E23A9732300B56242 /* Underground_tvOSTests.swift in Sources */,
			);
			runOnlyForDeploymentPostprocessing = 0;
		};
		712E163023A9732300B56242 /* Sources */ = {
			isa = PBXSourcesBuildPhase;
			buildActionMask = 2147483647;
			files = (
				712E163923A9732300B56242 /* Underground_tvOSUITests.swift in Sources */,
			);
			runOnlyForDeploymentPostprocessing = 0;
		};
		718A7A3823A8E8A8000CF24E /* Sources */ = {
			isa = PBXSourcesBuildPhase;
			buildActionMask = 2147483647;
			files = (
				710544D723AD541A001671E3 /* LineStatusListRow.swift in Sources */,
				718A7A7123A8E935000CF24E /* UndergroundDataFetcher.swift in Sources */,
				712E161023A94D1000B56242 /* ListStatusDetail.swift in Sources */,
				7158321523D648E5002F591D /* UpdatingLiveIndicator.swift in Sources */,
				718A7A4023A8E8A8000CF24E /* AppDelegate.swift in Sources */,
				718A7A4223A8E8A8000CF24E /* SceneDelegate.swift in Sources */,
				718A7A4423A8E8A8000CF24E /* ContentView.swift in Sources */,
				7110C19E23B299C2000CB1A9 /* SyncModel.swift in Sources */,
				71A830A223AA364C008A100E /* DeviceModel.swift in Sources */,
				7177628A23A8F292004E54B6 /* TfLLine.swift in Sources */,
				71ADC6FD23A90E1E0073F9AE /* LineStatusList.swift in Sources */,
			);
			runOnlyForDeploymentPostprocessing = 0;
		};
		718A7A4E23A8E8A9000CF24E /* Sources */ = {
			isa = PBXSourcesBuildPhase;
			buildActionMask = 2147483647;
			files = (
				718A7A5723A8E8A9000CF24E /* UndergroundTests.swift in Sources */,
			);
			runOnlyForDeploymentPostprocessing = 0;
		};
		718A7A5923A8E8A9000CF24E /* Sources */ = {
			isa = PBXSourcesBuildPhase;
			buildActionMask = 2147483647;
			files = (
				718A7A6223A8E8A9000CF24E /* UndergroundUITests.swift in Sources */,
			);
			runOnlyForDeploymentPostprocessing = 0;
		};
		71ADC6D323A90C520073F9AE /* Sources */ = {
			isa = PBXSourcesBuildPhase;
			buildActionMask = 2147483647;
			files = (
				71ADC6F923A90D3D0073F9AE /* UndergroundDataFetcher.swift in Sources */,
				71ADC6DF23A90C530073F9AE /* HostingController.swift in Sources */,
				71ADC6DD23A90C520073F9AE /* ContentView.swift in Sources */,
				71ADC6E323A90C530073F9AE /* NotificationController.swift in Sources */,
				710544D823AD542D001671E3 /* LineStatusListRow.swift in Sources */,
				71ADC6E123A90C530073F9AE /* ExtensionDelegate.swift in Sources */,
				712E161123A94D1000B56242 /* ListStatusDetail.swift in Sources */,
				7158321623D648F9002F591D /* UpdatingLiveIndicator.swift in Sources */,
				7110C19F23B29F15000CB1A9 /* SyncModel.swift in Sources */,
				71ADC6E523A90C530073F9AE /* NotificationView.swift in Sources */,
				71ADC6FA23A90D3D0073F9AE /* TfLLine.swift in Sources */,
				71ADC6FE23A90E4D0073F9AE /* LineStatusList.swift in Sources */,
			);
			runOnlyForDeploymentPostprocessing = 0;
		};
/* End PBXSourcesBuildPhase section */

/* Begin PBXTargetDependency section */
		712E162B23A9732300B56242 /* PBXTargetDependency */ = {
			isa = PBXTargetDependency;
			target = 712E161523A9732100B56242 /* Underground tvOS */;
			targetProxy = 712E162A23A9732300B56242 /* PBXContainerItemProxy */;
		};
		712E163623A9732300B56242 /* PBXTargetDependency */ = {
			isa = PBXTargetDependency;
			target = 712E161523A9732100B56242 /* Underground tvOS */;
			targetProxy = 712E163523A9732300B56242 /* PBXContainerItemProxy */;
		};
		718A7A5423A8E8A9000CF24E /* PBXTargetDependency */ = {
			isa = PBXTargetDependency;
			target = 718A7A3B23A8E8A8000CF24E /* Underground */;
			targetProxy = 718A7A5323A8E8A9000CF24E /* PBXContainerItemProxy */;
		};
		718A7A5F23A8E8A9000CF24E /* PBXTargetDependency */ = {
			isa = PBXTargetDependency;
			target = 718A7A3B23A8E8A8000CF24E /* Underground */;
			targetProxy = 718A7A5E23A8E8A9000CF24E /* PBXContainerItemProxy */;
		};
		71ADC6DA23A90C520073F9AE /* PBXTargetDependency */ = {
			isa = PBXTargetDependency;
			target = 71ADC6D623A90C520073F9AE /* WatchUnderground Extension */;
			targetProxy = 71ADC6D923A90C520073F9AE /* PBXContainerItemProxy */;
		};
		71ADC6EE23A90C540073F9AE /* PBXTargetDependency */ = {
			isa = PBXTargetDependency;
			platformFilter = ios;
			target = 71ADC6CA23A90C500073F9AE /* WatchUnderground */;
			targetProxy = 71ADC6ED23A90C540073F9AE /* PBXContainerItemProxy */;
		};
/* End PBXTargetDependency section */

/* Begin PBXVariantGroup section */
		712E162123A9732300B56242 /* LaunchScreen.storyboard */ = {
			isa = PBXVariantGroup;
			children = (
				712E162223A9732300B56242 /* Base */,
			);
			name = LaunchScreen.storyboard;
			sourceTree = "<group>";
		};
		712E165723A9792800B56242 /* LaunchScreen.storyboard */ = {
			isa = PBXVariantGroup;
			children = (
				712E165823A9792800B56242 /* Base */,
			);
			name = LaunchScreen.storyboard;
			sourceTree = "<group>";
		};
		718A7A4A23A8E8A9000CF24E /* LaunchScreen.storyboard */ = {
			isa = PBXVariantGroup;
			children = (
				718A7A4B23A8E8A9000CF24E /* Base */,
			);
			name = LaunchScreen.storyboard;
			sourceTree = "<group>";
		};
		71A8307923A97AEA008A100E /* Main.storyboard */ = {
			isa = PBXVariantGroup;
			children = (
				71A8307A23A97AEA008A100E /* Base */,
			);
			name = Main.storyboard;
			sourceTree = "<group>";
		};
		71ADC6CD23A90C500073F9AE /* Interface.storyboard */ = {
			isa = PBXVariantGroup;
			children = (
				71ADC6CE23A90C500073F9AE /* Base */,
			);
			name = Interface.storyboard;
			sourceTree = "<group>";
		};
/* End PBXVariantGroup section */

/* Begin XCBuildConfiguration section */
		712E163C23A9732300B56242 /* Debug */ = {
			isa = XCBuildConfiguration;
			buildSettings = {
				ASSETCATALOG_COMPILER_APPICON_NAME = "App Icon & Top Shelf Image";
				CLANG_ENABLE_MODULES = YES;
				CODE_SIGN_STYLE = Automatic;
				DEVELOPMENT_ASSET_PATHS = "\"Underground tvOS/Preview Content\"";
				DEVELOPMENT_TEAM = YC249PY26F;
				ENABLE_PREVIEWS = YES;
				INFOPLIST_FILE = "Underground tvOS/Info.plist";
				LD_RUNPATH_SEARCH_PATHS = (
					"$(inherited)",
					"@executable_path/Frameworks",
				);
				PRODUCT_BUNDLE_IDENTIFIER = "toys.lucid.Underground-tvOS";
				PRODUCT_NAME = "$(TARGET_NAME)";
				SDKROOT = appletvos;
				SWIFT_OBJC_BRIDGING_HEADER = "Underground/Third Party/Underground tvOS-Bridging-Header.h";
				SWIFT_OPTIMIZATION_LEVEL = "-Onone";
				SWIFT_VERSION = 5.0;
				TARGETED_DEVICE_FAMILY = 3;
				TVOS_DEPLOYMENT_TARGET = 13.2;
			};
			name = Debug;
		};
		712E163D23A9732300B56242 /* Release */ = {
			isa = XCBuildConfiguration;
			buildSettings = {
				ASSETCATALOG_COMPILER_APPICON_NAME = "App Icon & Top Shelf Image";
				CLANG_ENABLE_MODULES = YES;
				CODE_SIGN_STYLE = Automatic;
				DEVELOPMENT_ASSET_PATHS = "\"Underground tvOS/Preview Content\"";
				DEVELOPMENT_TEAM = YC249PY26F;
				ENABLE_PREVIEWS = YES;
				INFOPLIST_FILE = "Underground tvOS/Info.plist";
				LD_RUNPATH_SEARCH_PATHS = (
					"$(inherited)",
					"@executable_path/Frameworks",
				);
				PRODUCT_BUNDLE_IDENTIFIER = "toys.lucid.Underground-tvOS";
				PRODUCT_NAME = "$(TARGET_NAME)";
				SDKROOT = appletvos;
				SWIFT_OBJC_BRIDGING_HEADER = "Underground/Third Party/Underground tvOS-Bridging-Header.h";
				SWIFT_VERSION = 5.0;
				TARGETED_DEVICE_FAMILY = 3;
				TVOS_DEPLOYMENT_TARGET = 13.2;
			};
			name = Release;
		};
		712E163F23A9732300B56242 /* Debug */ = {
			isa = XCBuildConfiguration;
			buildSettings = {
				ALWAYS_EMBED_SWIFT_STANDARD_LIBRARIES = YES;
				BUNDLE_LOADER = "$(TEST_HOST)";
				CODE_SIGN_STYLE = Automatic;
				DEVELOPMENT_TEAM = YC249PY26F;
				INFOPLIST_FILE = "Underground tvOSTests/Info.plist";
				LD_RUNPATH_SEARCH_PATHS = (
					"$(inherited)",
					"@executable_path/Frameworks",
					"@loader_path/Frameworks",
				);
				PRODUCT_BUNDLE_IDENTIFIER = "toys.lucid.Underground-tvOSTests";
				PRODUCT_NAME = "$(TARGET_NAME)";
				SDKROOT = appletvos;
				SWIFT_VERSION = 5.0;
				TARGETED_DEVICE_FAMILY = 3;
				TEST_HOST = "$(BUILT_PRODUCTS_DIR)/Underground tvOS.app/Underground tvOS";
				TVOS_DEPLOYMENT_TARGET = 13.2;
			};
			name = Debug;
		};
		712E164023A9732300B56242 /* Release */ = {
			isa = XCBuildConfiguration;
			buildSettings = {
				ALWAYS_EMBED_SWIFT_STANDARD_LIBRARIES = YES;
				BUNDLE_LOADER = "$(TEST_HOST)";
				CODE_SIGN_STYLE = Automatic;
				DEVELOPMENT_TEAM = YC249PY26F;
				INFOPLIST_FILE = "Underground tvOSTests/Info.plist";
				LD_RUNPATH_SEARCH_PATHS = (
					"$(inherited)",
					"@executable_path/Frameworks",
					"@loader_path/Frameworks",
				);
				PRODUCT_BUNDLE_IDENTIFIER = "toys.lucid.Underground-tvOSTests";
				PRODUCT_NAME = "$(TARGET_NAME)";
				SDKROOT = appletvos;
				SWIFT_VERSION = 5.0;
				TARGETED_DEVICE_FAMILY = 3;
				TEST_HOST = "$(BUILT_PRODUCTS_DIR)/Underground tvOS.app/Underground tvOS";
				TVOS_DEPLOYMENT_TARGET = 13.2;
			};
			name = Release;
		};
		712E164223A9732300B56242 /* Debug */ = {
			isa = XCBuildConfiguration;
			buildSettings = {
				ALWAYS_EMBED_SWIFT_STANDARD_LIBRARIES = YES;
				CODE_SIGN_STYLE = Automatic;
				DEVELOPMENT_TEAM = YC249PY26F;
				INFOPLIST_FILE = "Underground tvOSUITests/Info.plist";
				LD_RUNPATH_SEARCH_PATHS = (
					"$(inherited)",
					"@executable_path/Frameworks",
					"@loader_path/Frameworks",
				);
				PRODUCT_BUNDLE_IDENTIFIER = "toys.lucid.Underground-tvOSUITests";
				PRODUCT_NAME = "$(TARGET_NAME)";
				SDKROOT = appletvos;
				SWIFT_VERSION = 5.0;
				TARGETED_DEVICE_FAMILY = 3;
				TEST_TARGET_NAME = "Underground tvOS";
				TVOS_DEPLOYMENT_TARGET = 13.2;
			};
			name = Debug;
		};
		712E164323A9732300B56242 /* Release */ = {
			isa = XCBuildConfiguration;
			buildSettings = {
				ALWAYS_EMBED_SWIFT_STANDARD_LIBRARIES = YES;
				CODE_SIGN_STYLE = Automatic;
				DEVELOPMENT_TEAM = YC249PY26F;
				INFOPLIST_FILE = "Underground tvOSUITests/Info.plist";
				LD_RUNPATH_SEARCH_PATHS = (
					"$(inherited)",
					"@executable_path/Frameworks",
					"@loader_path/Frameworks",
				);
				PRODUCT_BUNDLE_IDENTIFIER = "toys.lucid.Underground-tvOSUITests";
				PRODUCT_NAME = "$(TARGET_NAME)";
				SDKROOT = appletvos;
				SWIFT_VERSION = 5.0;
				TARGETED_DEVICE_FAMILY = 3;
				TEST_TARGET_NAME = "Underground tvOS";
				TVOS_DEPLOYMENT_TARGET = 13.2;
			};
			name = Release;
		};
		718A7A6423A8E8A9000CF24E /* Debug */ = {
			isa = XCBuildConfiguration;
			buildSettings = {
				ALWAYS_SEARCH_USER_PATHS = NO;
				CLANG_ANALYZER_NONNULL = YES;
				CLANG_ANALYZER_NUMBER_OBJECT_CONVERSION = YES_AGGRESSIVE;
				CLANG_CXX_LANGUAGE_STANDARD = "gnu++14";
				CLANG_CXX_LIBRARY = "libc++";
				CLANG_ENABLE_MODULES = YES;
				CLANG_ENABLE_OBJC_ARC = YES;
				CLANG_ENABLE_OBJC_WEAK = YES;
				CLANG_WARN_BLOCK_CAPTURE_AUTORELEASING = YES;
				CLANG_WARN_BOOL_CONVERSION = YES;
				CLANG_WARN_COMMA = YES;
				CLANG_WARN_CONSTANT_CONVERSION = YES;
				CLANG_WARN_DEPRECATED_OBJC_IMPLEMENTATIONS = YES;
				CLANG_WARN_DIRECT_OBJC_ISA_USAGE = YES_ERROR;
				CLANG_WARN_DOCUMENTATION_COMMENTS = YES;
				CLANG_WARN_EMPTY_BODY = YES;
				CLANG_WARN_ENUM_CONVERSION = YES;
				CLANG_WARN_INFINITE_RECURSION = YES;
				CLANG_WARN_INT_CONVERSION = YES;
				CLANG_WARN_NON_LITERAL_NULL_CONVERSION = YES;
				CLANG_WARN_OBJC_IMPLICIT_RETAIN_SELF = YES;
				CLANG_WARN_OBJC_LITERAL_CONVERSION = YES;
				CLANG_WARN_OBJC_ROOT_CLASS = YES_ERROR;
				CLANG_WARN_RANGE_LOOP_ANALYSIS = YES;
				CLANG_WARN_STRICT_PROTOTYPES = YES;
				CLANG_WARN_SUSPICIOUS_MOVE = YES;
				CLANG_WARN_UNGUARDED_AVAILABILITY = YES_AGGRESSIVE;
				CLANG_WARN_UNREACHABLE_CODE = YES;
				CLANG_WARN__DUPLICATE_METHOD_MATCH = YES;
				COPY_PHASE_STRIP = NO;
				DEBUG_INFORMATION_FORMAT = dwarf;
				ENABLE_STRICT_OBJC_MSGSEND = YES;
				ENABLE_TESTABILITY = YES;
				GCC_C_LANGUAGE_STANDARD = gnu11;
				GCC_DYNAMIC_NO_PIC = NO;
				GCC_NO_COMMON_BLOCKS = YES;
				GCC_OPTIMIZATION_LEVEL = 0;
				GCC_PREPROCESSOR_DEFINITIONS = (
					"DEBUG=1",
					"$(inherited)",
				);
				GCC_WARN_64_TO_32_BIT_CONVERSION = YES;
				GCC_WARN_ABOUT_RETURN_TYPE = YES_ERROR;
				GCC_WARN_UNDECLARED_SELECTOR = YES;
				GCC_WARN_UNINITIALIZED_AUTOS = YES_AGGRESSIVE;
				GCC_WARN_UNUSED_FUNCTION = YES;
				GCC_WARN_UNUSED_VARIABLE = YES;
				IPHONEOS_DEPLOYMENT_TARGET = 13.2;
				MTL_ENABLE_DEBUG_INFO = INCLUDE_SOURCE;
				MTL_FAST_MATH = YES;
				ONLY_ACTIVE_ARCH = YES;
				SDKROOT = iphoneos;
				SWIFT_ACTIVE_COMPILATION_CONDITIONS = DEBUG;
				SWIFT_OPTIMIZATION_LEVEL = "-Onone";
			};
			name = Debug;
		};
		718A7A6523A8E8A9000CF24E /* Release */ = {
			isa = XCBuildConfiguration;
			buildSettings = {
				ALWAYS_SEARCH_USER_PATHS = NO;
				CLANG_ANALYZER_NONNULL = YES;
				CLANG_ANALYZER_NUMBER_OBJECT_CONVERSION = YES_AGGRESSIVE;
				CLANG_CXX_LANGUAGE_STANDARD = "gnu++14";
				CLANG_CXX_LIBRARY = "libc++";
				CLANG_ENABLE_MODULES = YES;
				CLANG_ENABLE_OBJC_ARC = YES;
				CLANG_ENABLE_OBJC_WEAK = YES;
				CLANG_WARN_BLOCK_CAPTURE_AUTORELEASING = YES;
				CLANG_WARN_BOOL_CONVERSION = YES;
				CLANG_WARN_COMMA = YES;
				CLANG_WARN_CONSTANT_CONVERSION = YES;
				CLANG_WARN_DEPRECATED_OBJC_IMPLEMENTATIONS = YES;
				CLANG_WARN_DIRECT_OBJC_ISA_USAGE = YES_ERROR;
				CLANG_WARN_DOCUMENTATION_COMMENTS = YES;
				CLANG_WARN_EMPTY_BODY = YES;
				CLANG_WARN_ENUM_CONVERSION = YES;
				CLANG_WARN_INFINITE_RECURSION = YES;
				CLANG_WARN_INT_CONVERSION = YES;
				CLANG_WARN_NON_LITERAL_NULL_CONVERSION = YES;
				CLANG_WARN_OBJC_IMPLICIT_RETAIN_SELF = YES;
				CLANG_WARN_OBJC_LITERAL_CONVERSION = YES;
				CLANG_WARN_OBJC_ROOT_CLASS = YES_ERROR;
				CLANG_WARN_RANGE_LOOP_ANALYSIS = YES;
				CLANG_WARN_STRICT_PROTOTYPES = YES;
				CLANG_WARN_SUSPICIOUS_MOVE = YES;
				CLANG_WARN_UNGUARDED_AVAILABILITY = YES_AGGRESSIVE;
				CLANG_WARN_UNREACHABLE_CODE = YES;
				CLANG_WARN__DUPLICATE_METHOD_MATCH = YES;
				COPY_PHASE_STRIP = NO;
				DEBUG_INFORMATION_FORMAT = "dwarf-with-dsym";
				ENABLE_NS_ASSERTIONS = NO;
				ENABLE_STRICT_OBJC_MSGSEND = YES;
				GCC_C_LANGUAGE_STANDARD = gnu11;
				GCC_NO_COMMON_BLOCKS = YES;
				GCC_WARN_64_TO_32_BIT_CONVERSION = YES;
				GCC_WARN_ABOUT_RETURN_TYPE = YES_ERROR;
				GCC_WARN_UNDECLARED_SELECTOR = YES;
				GCC_WARN_UNINITIALIZED_AUTOS = YES_AGGRESSIVE;
				GCC_WARN_UNUSED_FUNCTION = YES;
				GCC_WARN_UNUSED_VARIABLE = YES;
				IPHONEOS_DEPLOYMENT_TARGET = 13.2;
				MTL_ENABLE_DEBUG_INFO = NO;
				MTL_FAST_MATH = YES;
				SDKROOT = iphoneos;
				SWIFT_COMPILATION_MODE = wholemodule;
				SWIFT_OPTIMIZATION_LEVEL = "-O";
				VALIDATE_PRODUCT = YES;
			};
			name = Release;
		};
		718A7A6723A8E8A9000CF24E /* Debug */ = {
			isa = XCBuildConfiguration;
			buildSettings = {
				ASSETCATALOG_COMPILER_APPICON_NAME = AppIcon;
				CLANG_ENABLE_MODULES = YES;
				CODE_SIGN_ENTITLEMENTS = Underground/Underground.entitlements;
				"CODE_SIGN_IDENTITY[sdk=macosx*]" = "Apple Development";
				CODE_SIGN_STYLE = Automatic;
				CURRENT_PROJECT_VERSION = 7;
				DERIVE_MACCATALYST_PRODUCT_BUNDLE_IDENTIFIER = YES;
				DEVELOPMENT_ASSET_PATHS = "\"Underground/Preview Content\"";
				DEVELOPMENT_TEAM = YC249PY26F;
				ENABLE_PREVIEWS = YES;
				INFOPLIST_FILE = Underground/Info.plist;
				LD_RUNPATH_SEARCH_PATHS = (
					"$(inherited)",
					"@executable_path/Frameworks",
				);
				PRODUCT_BUNDLE_IDENTIFIER = toys.lucid.Underground;
				PRODUCT_NAME = "$(TARGET_NAME)";
				SUPPORTS_MACCATALYST = YES;
				SWIFT_OPTIMIZATION_LEVEL = "-Onone";
				SWIFT_VERSION = 5.0;
				TARGETED_DEVICE_FAMILY = "1,2";
			};
			name = Debug;
		};
		718A7A6823A8E8A9000CF24E /* Release */ = {
			isa = XCBuildConfiguration;
			buildSettings = {
				ASSETCATALOG_COMPILER_APPICON_NAME = AppIcon;
				CLANG_ENABLE_MODULES = YES;
				CODE_SIGN_ENTITLEMENTS = Underground/Underground.entitlements;
				"CODE_SIGN_IDENTITY[sdk=macosx*]" = "Apple Development";
				CODE_SIGN_STYLE = Automatic;
				CURRENT_PROJECT_VERSION = 7;
				DERIVE_MACCATALYST_PRODUCT_BUNDLE_IDENTIFIER = YES;
				DEVELOPMENT_ASSET_PATHS = "\"Underground/Preview Content\"";
				DEVELOPMENT_TEAM = YC249PY26F;
				ENABLE_PREVIEWS = YES;
				INFOPLIST_FILE = Underground/Info.plist;
				LD_RUNPATH_SEARCH_PATHS = (
					"$(inherited)",
					"@executable_path/Frameworks",
				);
				PRODUCT_BUNDLE_IDENTIFIER = toys.lucid.Underground;
				PRODUCT_NAME = "$(TARGET_NAME)";
				SUPPORTS_MACCATALYST = YES;
				SWIFT_VERSION = 5.0;
				TARGETED_DEVICE_FAMILY = "1,2";
			};
			name = Release;
		};
		718A7A6A23A8E8A9000CF24E /* Debug */ = {
			isa = XCBuildConfiguration;
			buildSettings = {
				ALWAYS_EMBED_SWIFT_STANDARD_LIBRARIES = YES;
				BUNDLE_LOADER = "$(TEST_HOST)";
				CODE_SIGN_STYLE = Automatic;
				DEVELOPMENT_TEAM = YC249PY26F;
				INFOPLIST_FILE = UndergroundTests/Info.plist;
				IPHONEOS_DEPLOYMENT_TARGET = 13.2;
				LD_RUNPATH_SEARCH_PATHS = (
					"$(inherited)",
					"@executable_path/Frameworks",
					"@loader_path/Frameworks",
				);
				PRODUCT_BUNDLE_IDENTIFIER = toys.lucid.UndergroundTests;
				PRODUCT_NAME = "$(TARGET_NAME)";
				SWIFT_VERSION = 5.0;
				TARGETED_DEVICE_FAMILY = "1,2";
				TEST_HOST = "$(BUILT_PRODUCTS_DIR)/Underground.app/Underground";
			};
			name = Debug;
		};
		718A7A6B23A8E8A9000CF24E /* Release */ = {
			isa = XCBuildConfiguration;
			buildSettings = {
				ALWAYS_EMBED_SWIFT_STANDARD_LIBRARIES = YES;
				BUNDLE_LOADER = "$(TEST_HOST)";
				CODE_SIGN_STYLE = Automatic;
				DEVELOPMENT_TEAM = YC249PY26F;
				INFOPLIST_FILE = UndergroundTests/Info.plist;
				IPHONEOS_DEPLOYMENT_TARGET = 13.2;
				LD_RUNPATH_SEARCH_PATHS = (
					"$(inherited)",
					"@executable_path/Frameworks",
					"@loader_path/Frameworks",
				);
				PRODUCT_BUNDLE_IDENTIFIER = toys.lucid.UndergroundTests;
				PRODUCT_NAME = "$(TARGET_NAME)";
				SWIFT_VERSION = 5.0;
				TARGETED_DEVICE_FAMILY = "1,2";
				TEST_HOST = "$(BUILT_PRODUCTS_DIR)/Underground.app/Underground";
			};
			name = Release;
		};
		718A7A6D23A8E8A9000CF24E /* Debug */ = {
			isa = XCBuildConfiguration;
			buildSettings = {
				ALWAYS_EMBED_SWIFT_STANDARD_LIBRARIES = YES;
				CODE_SIGN_STYLE = Automatic;
				DEVELOPMENT_TEAM = YC249PY26F;
				INFOPLIST_FILE = UndergroundUITests/Info.plist;
				LD_RUNPATH_SEARCH_PATHS = (
					"$(inherited)",
					"@executable_path/Frameworks",
					"@loader_path/Frameworks",
				);
				PRODUCT_BUNDLE_IDENTIFIER = toys.lucid.UndergroundUITests;
				PRODUCT_NAME = "$(TARGET_NAME)";
				SWIFT_VERSION = 5.0;
				TARGETED_DEVICE_FAMILY = "1,2";
				TEST_TARGET_NAME = Underground;
			};
			name = Debug;
		};
		718A7A6E23A8E8A9000CF24E /* Release */ = {
			isa = XCBuildConfiguration;
			buildSettings = {
				ALWAYS_EMBED_SWIFT_STANDARD_LIBRARIES = YES;
				CODE_SIGN_STYLE = Automatic;
				DEVELOPMENT_TEAM = YC249PY26F;
				INFOPLIST_FILE = UndergroundUITests/Info.plist;
				LD_RUNPATH_SEARCH_PATHS = (
					"$(inherited)",
					"@executable_path/Frameworks",
					"@loader_path/Frameworks",
				);
				PRODUCT_BUNDLE_IDENTIFIER = toys.lucid.UndergroundUITests;
				PRODUCT_NAME = "$(TARGET_NAME)";
				SWIFT_VERSION = 5.0;
				TARGETED_DEVICE_FAMILY = "1,2";
				TEST_TARGET_NAME = Underground;
			};
			name = Release;
		};
		71ADC6F123A90C540073F9AE /* Debug */ = {
			isa = XCBuildConfiguration;
			buildSettings = {
				ALWAYS_EMBED_SWIFT_STANDARD_LIBRARIES = YES;
				ASSETCATALOG_COMPILER_APPICON_NAME = AppIcon;
				CODE_SIGN_STYLE = Automatic;
				CURRENT_PROJECT_VERSION = 7;
				DEVELOPMENT_TEAM = YC249PY26F;
				IBSC_MODULE = WatchUnderground_Extension;
				INFOPLIST_FILE = WatchUnderground/Info.plist;
				PRODUCT_BUNDLE_IDENTIFIER = toys.lucid.Underground.watchkitapp;
				PRODUCT_NAME = "$(TARGET_NAME)";
				SDKROOT = watchos;
				SKIP_INSTALL = YES;
				SWIFT_VERSION = 5.0;
				TARGETED_DEVICE_FAMILY = 4;
				WATCHOS_DEPLOYMENT_TARGET = 6.1;
			};
			name = Debug;
		};
		71ADC6F223A90C540073F9AE /* Release */ = {
			isa = XCBuildConfiguration;
			buildSettings = {
				ALWAYS_EMBED_SWIFT_STANDARD_LIBRARIES = YES;
				ASSETCATALOG_COMPILER_APPICON_NAME = AppIcon;
				CODE_SIGN_STYLE = Automatic;
				CURRENT_PROJECT_VERSION = 7;
				DEVELOPMENT_TEAM = YC249PY26F;
				IBSC_MODULE = WatchUnderground_Extension;
				INFOPLIST_FILE = WatchUnderground/Info.plist;
				PRODUCT_BUNDLE_IDENTIFIER = toys.lucid.Underground.watchkitapp;
				PRODUCT_NAME = "$(TARGET_NAME)";
				SDKROOT = watchos;
				SKIP_INSTALL = YES;
				SWIFT_VERSION = 5.0;
				TARGETED_DEVICE_FAMILY = 4;
				WATCHOS_DEPLOYMENT_TARGET = 6.1;
			};
			name = Release;
		};
		71ADC6F423A90C540073F9AE /* Debug */ = {
			isa = XCBuildConfiguration;
			buildSettings = {
				ASSETCATALOG_COMPILER_COMPLICATION_NAME = Complication;
				CLANG_ENABLE_MODULES = YES;
				CODE_SIGN_STYLE = Automatic;
				CURRENT_PROJECT_VERSION = 7;
				DEVELOPMENT_ASSET_PATHS = "\"WatchUnderground Extension/Preview Content\"";
				DEVELOPMENT_TEAM = YC249PY26F;
				ENABLE_PREVIEWS = YES;
				INFOPLIST_FILE = "WatchUnderground Extension/Info.plist";
				LD_RUNPATH_SEARCH_PATHS = (
					"$(inherited)",
					"@executable_path/Frameworks",
					"@executable_path/../../Frameworks",
				);
				PRODUCT_BUNDLE_IDENTIFIER = toys.lucid.Underground.watchkitapp.watchkitextension;
				PRODUCT_NAME = "${TARGET_NAME}";
				SDKROOT = watchos;
				SKIP_INSTALL = YES;
				SWIFT_OPTIMIZATION_LEVEL = "-Onone";
				SWIFT_VERSION = 5.0;
				TARGETED_DEVICE_FAMILY = 4;
				WATCHOS_DEPLOYMENT_TARGET = 6.1;
			};
			name = Debug;
		};
		71ADC6F523A90C540073F9AE /* Release */ = {
			isa = XCBuildConfiguration;
			buildSettings = {
				ASSETCATALOG_COMPILER_COMPLICATION_NAME = Complication;
				CLANG_ENABLE_MODULES = YES;
				CODE_SIGN_STYLE = Automatic;
				CURRENT_PROJECT_VERSION = 7;
				DEVELOPMENT_ASSET_PATHS = "\"WatchUnderground Extension/Preview Content\"";
				DEVELOPMENT_TEAM = YC249PY26F;
				ENABLE_PREVIEWS = YES;
				INFOPLIST_FILE = "WatchUnderground Extension/Info.plist";
				LD_RUNPATH_SEARCH_PATHS = (
					"$(inherited)",
					"@executable_path/Frameworks",
					"@executable_path/../../Frameworks",
				);
				PRODUCT_BUNDLE_IDENTIFIER = toys.lucid.Underground.watchkitapp.watchkitextension;
				PRODUCT_NAME = "${TARGET_NAME}";
				SDKROOT = watchos;
				SKIP_INSTALL = YES;
				SWIFT_VERSION = 5.0;
				TARGETED_DEVICE_FAMILY = 4;
				WATCHOS_DEPLOYMENT_TARGET = 6.1;
			};
			name = Release;
		};
/* End XCBuildConfiguration section */

/* Begin XCConfigurationList section */
		712E163B23A9732300B56242 /* Build configuration list for PBXNativeTarget "Underground tvOS" */ = {
			isa = XCConfigurationList;
			buildConfigurations = (
				712E163C23A9732300B56242 /* Debug */,
				712E163D23A9732300B56242 /* Release */,
			);
			defaultConfigurationIsVisible = 0;
			defaultConfigurationName = Release;
		};
		712E163E23A9732300B56242 /* Build configuration list for PBXNativeTarget "Underground tvOSTests" */ = {
			isa = XCConfigurationList;
			buildConfigurations = (
				712E163F23A9732300B56242 /* Debug */,
				712E164023A9732300B56242 /* Release */,
			);
			defaultConfigurationIsVisible = 0;
			defaultConfigurationName = Release;
		};
		712E164123A9732300B56242 /* Build configuration list for PBXNativeTarget "Underground tvOSUITests" */ = {
			isa = XCConfigurationList;
			buildConfigurations = (
				712E164223A9732300B56242 /* Debug */,
				712E164323A9732300B56242 /* Release */,
			);
			defaultConfigurationIsVisible = 0;
			defaultConfigurationName = Release;
		};
		718A7A3723A8E8A8000CF24E /* Build configuration list for PBXProject "Underground" */ = {
			isa = XCConfigurationList;
			buildConfigurations = (
				718A7A6423A8E8A9000CF24E /* Debug */,
				718A7A6523A8E8A9000CF24E /* Release */,
			);
			defaultConfigurationIsVisible = 0;
			defaultConfigurationName = Release;
		};
		718A7A6623A8E8A9000CF24E /* Build configuration list for PBXNativeTarget "Underground" */ = {
			isa = XCConfigurationList;
			buildConfigurations = (
				718A7A6723A8E8A9000CF24E /* Debug */,
				718A7A6823A8E8A9000CF24E /* Release */,
			);
			defaultConfigurationIsVisible = 0;
			defaultConfigurationName = Release;
		};
		718A7A6923A8E8A9000CF24E /* Build configuration list for PBXNativeTarget "UndergroundTests" */ = {
			isa = XCConfigurationList;
			buildConfigurations = (
				718A7A6A23A8E8A9000CF24E /* Debug */,
				718A7A6B23A8E8A9000CF24E /* Release */,
			);
			defaultConfigurationIsVisible = 0;
			defaultConfigurationName = Release;
		};
		718A7A6C23A8E8A9000CF24E /* Build configuration list for PBXNativeTarget "UndergroundUITests" */ = {
			isa = XCConfigurationList;
			buildConfigurations = (
				718A7A6D23A8E8A9000CF24E /* Debug */,
				718A7A6E23A8E8A9000CF24E /* Release */,
			);
			defaultConfigurationIsVisible = 0;
			defaultConfigurationName = Release;
		};
		71ADC6F623A90C540073F9AE /* Build configuration list for PBXNativeTarget "WatchUnderground Extension" */ = {
			isa = XCConfigurationList;
			buildConfigurations = (
				71ADC6F423A90C540073F9AE /* Debug */,
				71ADC6F523A90C540073F9AE /* Release */,
			);
			defaultConfigurationIsVisible = 0;
			defaultConfigurationName = Release;
		};
		71ADC6F723A90C540073F9AE /* Build configuration list for PBXNativeTarget "WatchUnderground" */ = {
			isa = XCConfigurationList;
			buildConfigurations = (
				71ADC6F123A90C540073F9AE /* Debug */,
				71ADC6F223A90C540073F9AE /* Release */,
			);
			defaultConfigurationIsVisible = 0;
			defaultConfigurationName = Release;
		};
/* End XCConfigurationList section */
	};
	rootObject = 718A7A3423A8E8A8000CF24E /* Project object */;
}
